
Microsoft Visual Studio Solution File, Format Version 11.00
# Visual Studio 2010
Project("{FAE04EC0-301F-11D3-BF4B-00C04F79EFBC}") = "ExposedObject", "ExposedObject\ExposedObject.csproj", "{04CE6B9D-FEC0-424A-B0BB-8A4D1E48F73E}"
EndProject
Project("{FAE04EC0-301F-11D3-BF4B-00C04F79EFBC}") = "TestSubjects", "TestSubjects\TestSubjects.csproj", "{4F9CC970-A5B4-455B-9733-B4D8605DCAAE}"
EndProject
Project("{FAE04EC0-301F-11D3-BF4B-00C04F79EFBC}") = "Tests", "Tests\Tests.csproj", "{2467EDA2-6977-4223-8F31-3ED726777D22}"
EndProject
Project("{2150E333-8FDC-42A3-9474-1A3956D46DE8}") = ".nuget", ".nuget", "{6DB0FEAC-B262-4462-9559-16672A0FFC3E}"
	ProjectSection(SolutionItems) = preProject
		.nuget\NuGet.Config = .nuget\NuGet.Config
		.nuget\NuGet.exe = .nuget\NuGet.exe
		.nuget\NuGet.targets = .nuget\NuGet.targets
	EndProjectSection
EndProject
Global
	GlobalSection(SolutionConfigurationPlatforms) = preSolution
		Debug|Any CPU = Debug|Any CPU
		Release|Any CPU = Release|Any CPU
	EndGlobalSection
	GlobalSection(ProjectConfigurationPlatforms) = postSolution
		{04CE6B9D-FEC0-424A-B0BB-8A4D1E48F73E}.Debug|Any CPU.ActiveCfg = Debug|Any CPU
		{04CE6B9D-FEC0-424A-B0BB-8A4D1E48F73E}.Debug|Any CPU.Build.0 = Debug|Any CPU
		{04CE6B9D-FEC0-424A-B0BB-8A4D1E48F73E}.Release|Any CPU.ActiveCfg = Release|Any CPU
		{04CE6B9D-FEC0-424A-B0BB-8A4D1E48F73E}.Release|Any CPU.Build.0 = Release|Any CPU
		{4F9CC970-A5B4-455B-9733-B4D8605DCAAE}.Debug|Any CPU.ActiveCfg = Debug|Any CPU
		{4F9CC970-A5B4-455B-9733-B4D8605DCAAE}.Debug|Any CPU.Build.0 = Debug|Any CPU
		{4F9CC970-A5B4-455B-9733-B4D8605DCAAE}.Release|Any CPU.ActiveCfg = Release|Any CPU
		{4F9CC970-A5B4-455B-9733-B4D8605DCAAE}.Release|Any CPU.Build.0 = Release|Any CPU
		{2467EDA2-6977-4223-8F31-3ED726777D22}.Debug|Any CPU.ActiveCfg = Debug|Any CPU
		{2467EDA2-6977-4223-8F31-3ED726777D22}.Debug|Any CPU.Build.0 = Debug|Any CPU
		{2467EDA2-6977-4223-8F31-3ED726777D22}.Release|Any CPU.ActiveCfg = Release|Any CPU
		{2467EDA2-6977-4223-8F31-3ED726777D22}.Release|Any CPU.Build.0 = Release|Any CPU
	EndGlobalSection
	GlobalSection(SolutionProperties) = preSolution
		HideSolutionNode = FALSE
	EndGlobalSection
EndGlobal
